
Microsoft Visual Studio Solution File, Format Version 12.00
# Visual Studio 2017
Project("{FAE04EC0-301F-11D3-BF4B-00C04F79EFBC}") = "ProgrammingTeacher", "ProgrammingTeacher.csproj", "{5F6208BE-37E8-D5A5-F4E8-6535CC4B69DA}"
EndProject
Project("{FAE04EC0-301F-11D3-BF4B-00C04F79EFBC}") = "ProgrammingTeacher.Editor", "ProgrammingTeacher.Editor.csproj", "{4AC32BB2-4795-128D-7DBE-B7ABA817EFA5}"
EndProject
Global
	GlobalSection(SolutionConfigurationPlatforms) = preSolution
		Debug|Any CPU = Debug|Any CPU
		Release|Any CPU = Release|Any CPU
	EndGlobalSection
	GlobalSection(ProjectConfigurationPlatforms) = postSolution
		{5F6208BE-37E8-D5A5-F4E8-6535CC4B69DA}.Debug|Any CPU.ActiveCfg = Debug|Any CPU
		{5F6208BE-37E8-D5A5-F4E8-6535CC4B69DA}.Debug|Any CPU.Build.0 = Debug|Any CPU
		{5F6208BE-37E8-D5A5-F4E8-6535CC4B69DA}.Release|Any CPU.ActiveCfg = Release|Any CPU
		{5F6208BE-37E8-D5A5-F4E8-6535CC4B69DA}.Release|Any CPU.Build.0 = Release|Any CPU
		{4AC32BB2-4795-128D-7DBE-B7ABA817EFA5}.Debug|Any CPU.ActiveCfg = Debug|Any CPU
		{4AC32BB2-4795-128D-7DBE-B7ABA817EFA5}.Debug|Any CPU.Build.0 = Debug|Any CPU
		{4AC32BB2-4795-128D-7DBE-B7ABA817EFA5}.Release|Any CPU.ActiveCfg = Release|Any CPU
		{4AC32BB2-4795-128D-7DBE-B7ABA817EFA5}.Release|Any CPU.Build.0 = Release|Any CPU
	EndGlobalSection
	GlobalSection(SolutionProperties) = preSolution
		HideSolutionNode = FALSE
	EndGlobalSection
EndGlobal
